
Microsoft Visual Studio Solution File, Format Version 12.00
# Visual Studio Version 16
VisualStudioVersion = 16.0.31613.86
MinimumVisualStudioVersion = 10.0.40219.1
Project("{FAE04EC0-301F-11D3-BF4B-00C04F79EFBC}") = "BankingLibrary", "BankingLibrary\BankingLibrary.csproj", "{08FA5976-7327-4E4C-B775-9AF07A8BECCB}"
EndProject
Project("{FAE04EC0-301F-11D3-BF4B-00C04F79EFBC}") = "BankingLibrary.Tests", "BankingLibrary.Tests\BankingLibrary.Tests.csproj", "{AAB12935-E24E-495A-AB1F-92F8D933728B}"
EndProject
Global
	GlobalSection(SolutionConfigurationPlatforms) = preSolution
		Debug|Any CPU = Debug|Any CPU
		Release|Any CPU = Release|Any CPU
	EndGlobalSection
	GlobalSection(ProjectConfigurationPlatforms) = postSolution
		{08FA5976-7327-4E4C-B775-9AF07A8BECCB}.Debug|Any CPU.ActiveCfg = Debug|Any CPU
		{08FA5976-7327-4E4C-B775-9AF07A8BECCB}.Debug|Any CPU.Build.0 = Debug|Any CPU
		{08FA5976-7327-4E4C-B775-9AF07A8BECCB}.Release|Any CPU.ActiveCfg = Release|Any CPU
		{08FA5976-7327-4E4C-B775-9AF07A8BECCB}.Release|Any CPU.Build.0 = Release|Any CPU
		{AAB12935-E24E-495A-AB1F-92F8D933728B}.Debug|Any CPU.ActiveCfg = Debug|Any CPU
		{AAB12935-E24E-495A-AB1F-92F8D933728B}.Debug|Any CPU.Build.0 = Debug|Any CPU
		{AAB12935-E24E-495A-AB1F-92F8D933728B}.Release|Any CPU.ActiveCfg = Release|Any CPU
		{AAB12935-E24E-495A-AB1F-92F8D933728B}.Release|Any CPU.Build.0 = Release|Any CPU
	EndGlobalSection
	GlobalSection(SolutionProperties) = preSolution
		HideSolutionNode = FALSE
	EndGlobalSection
	GlobalSection(ExtensibilityGlobals) = postSolution
		SolutionGuid = {37CADCA3-D2B5-4B9E-B5C1-454F9728CFEB}
	EndGlobalSection
EndGlobal
